# @generated by Move, please check-in and do not edit manually.

[move]
version = 1
manifest_digest = "A838A9E73FC646CEF1ED483B9D13117FAD6106DD546EAB53926EE50377A1EC13"
deps_digest = "F8BBB0CCB2491CA29A3DF03D6F92277A4F3574266507ACD77214D37ECA3F3082"
dependencies = [
  { name = "Sui" },
]

[[move.package]]
name = "MoveStdlib"
source = { local = "../../MystenLabs/sui/crates/sui-framework/packages/move-stdlib" }

[[move.package]]
name = "Sui"
source = { local = "../../MystenLabs/sui/crates/sui-framework/packages/sui-framework" }

dependencies = [
  { name = "MoveStdlib" },
]

[move.toolchain-version]
compiler-version = "1.27.1"
edition = "legacy"
flavor = "sui"

[env]

[env.testnet]
chain-id = "4c78adac"
original-published-id = "0xf208453f19f684ae31d8a03767b3d92d4c3fdf821e6f3f645324e1818c99ea81"
latest-published-id = "0xf208453f19f684ae31d8a03767b3d92d4c3fdf821e6f3f645324e1818c99ea81"
published-version = "1"
